
Microsoft Visual Studio Solution File, Format Version 12.00
# Visual Studio Version 17
VisualStudioVersion = 17.2.32526.322
MinimumVisualStudioVersion = 10.0.40219.1
Project("{FAE04EC0-301F-11D3-BF4B-00C04F79EFBC}") = "Jetbrains-Dracula-Night", "Jetbrains-Dracula-Night\Jetbrains-Dracula-Night.csproj", "{7BDB8D1C-A84B-4049-B207-F778E25642D2}"
EndProject
Global
	GlobalSection(SolutionConfigurationPlatforms) = preSolution
		Debug|Any CPU = Debug|Any CPU
		Debug|x86 = Debug|x86
		Release|Any CPU = Release|Any CPU
		Release|x86 = Release|x86
	EndGlobalSection
	GlobalSection(ProjectConfigurationPlatforms) = postSolution
		{7BDB8D1C-A84B-4049-B207-F778E25642D2}.Debug|Any CPU.ActiveCfg = Debug|Any CPU
		{7BDB8D1C-A84B-4049-B207-F778E25642D2}.Debug|Any CPU.Build.0 = Debug|Any CPU
		{7BDB8D1C-A84B-4049-B207-F778E25642D2}.Debug|x86.ActiveCfg = Debug|x86
		{7BDB8D1C-A84B-4049-B207-F778E25642D2}.Debug|x86.Build.0 = Debug|x86
		{7BDB8D1C-A84B-4049-B207-F778E25642D2}.Release|Any CPU.ActiveCfg = Release|Any CPU
		{7BDB8D1C-A84B-4049-B207-F778E25642D2}.Release|Any CPU.Build.0 = Release|Any CPU
		{7BDB8D1C-A84B-4049-B207-F778E25642D2}.Release|x86.ActiveCfg = Release|x86
		{7BDB8D1C-A84B-4049-B207-F778E25642D2}.Release|x86.Build.0 = Release|x86
	EndGlobalSection
	GlobalSection(SolutionProperties) = preSolution
		HideSolutionNode = FALSE
	EndGlobalSection
	GlobalSection(ExtensibilityGlobals) = postSolution
		SolutionGuid = {35815060-AFA2-4E31-830B-C874AB37FF6C}
	EndGlobalSection
EndGlobal
